
Microsoft Visual Studio Solution File, Format Version 12.00
# Visual Studio Version 17
VisualStudioVersion = 17.12.35527.113 d17.12
MinimumVisualStudioVersion = 10.0.40219.1
Project("{FAE04EC0-301F-11D3-BF4B-00C04F79EFBC}") = "bai9-tinhdientichchuvihinhtron", "bai9-tinhdientichchuvihinhtron.csproj", "{8834AD3E-0E0D-4E71-8D8F-E836C352DDC6}"
EndProject
Global
	GlobalSection(SolutionConfigurationPlatforms) = preSolution
		Debug|Any CPU = Debug|Any CPU
		Release|Any CPU = Release|Any CPU
	EndGlobalSection
	GlobalSection(ProjectConfigurationPlatforms) = postSolution
		{8834AD3E-0E0D-4E71-8D8F-E836C352DDC6}.Debug|Any CPU.ActiveCfg = Debug|Any CPU
		{8834AD3E-0E0D-4E71-8D8F-E836C352DDC6}.Debug|Any CPU.Build.0 = Debug|Any CPU
		{8834AD3E-0E0D-4E71-8D8F-E836C352DDC6}.Release|Any CPU.ActiveCfg = Release|Any CPU
		{8834AD3E-0E0D-4E71-8D8F-E836C352DDC6}.Release|Any CPU.Build.0 = Release|Any CPU
	EndGlobalSection
	GlobalSection(SolutionProperties) = preSolution
		HideSolutionNode = FALSE
	EndGlobalSection
EndGlobal
